
Microsoft Visual Studio Solution File, Format Version 12.00
# Visual Studio Version 17
VisualStudioVersion = 17.11.35327.3
MinimumVisualStudioVersion = 10.0.40219.1
Project("{FAE04EC0-301F-11D3-BF4B-00C04F79EFBC}") = "ConsoleApp3", "ConsoleApp3\ConsoleApp3.csproj", "{3F6FCECA-3ACB-4DFE-896E-42F29FB2451C}"
EndProject
Global
	GlobalSection(SolutionConfigurationPlatforms) = preSolution
		Debug|Any CPU = Debug|Any CPU
		Release|Any CPU = Release|Any CPU
	EndGlobalSection
	GlobalSection(ProjectConfigurationPlatforms) = postSolution
		{3F6FCECA-3ACB-4DFE-896E-42F29FB2451C}.Debug|Any CPU.ActiveCfg = Debug|Any CPU
		{3F6FCECA-3ACB-4DFE-896E-42F29FB2451C}.Debug|Any CPU.Build.0 = Debug|Any CPU
		{3F6FCECA-3ACB-4DFE-896E-42F29FB2451C}.Release|Any CPU.ActiveCfg = Release|Any CPU
		{3F6FCECA-3ACB-4DFE-896E-42F29FB2451C}.Release|Any CPU.Build.0 = Release|Any CPU
	EndGlobalSection
	GlobalSection(SolutionProperties) = preSolution
		HideSolutionNode = FALSE
	EndGlobalSection
	GlobalSection(ExtensibilityGlobals) = postSolution
		SolutionGuid = {F7B81218-B9C7-48E0-8D95-C4207D4A3C73}
	EndGlobalSection
EndGlobal
